// !$*UTF8*$!
{
	archiveVersion = 1;
	classes = {
	};
	objectVersion = 48;
	objects = {

/* Begin PBXBuildFile section */
		A10114B72024A2BB00F8D7EB /* AppDelegate.swift in Sources */ = {isa = PBXBuildFile; fileRef = A10114B62024A2BB00F8D7EB /* AppDelegate.swift */; };
		A10114B92024A2BB00F8D7EB /* ViewController.swift in Sources */ = {isa = PBXBuildFile; fileRef = A10114B82024A2BB00F8D7EB /* ViewController.swift */; };
		A10114BC2024A2BB00F8D7EB /* Main.storyboard in Resources */ = {isa = PBXBuildFile; fileRef = A10114BA2024A2BB00F8D7EB /* Main.storyboard */; };
		A10114BE2024A2BB00F8D7EB /* Assets.xcassets in Resources */ = {isa = PBXBuildFile; fileRef = A10114BD2024A2BB00F8D7EB /* Assets.xcassets */; };
		A10114C12024A2BB00F8D7EB /* LaunchScreen.storyboard in Resources */ = {isa = PBXBuildFile; fileRef = A10114BF2024A2BB00F8D7EB /* LaunchScreen.storyboard */; };
/* End PBXBuildFile section */

/* Begin PBXFileReference section */
		A10114B32024A2BA00F8D7EB /* 35554298 - FaceID.app */ = {isa = PBXFileReference; explicitFileType = wrapper.application; includeInIndex = 0; path = "35554298 - FaceID.app"; sourceTree = BUILT_PRODUCTS_DIR; };
		A10114B62024A2BB00F8D7EB /* AppDelegate.swift */ = {isa = PBXFileReference; lastKnownFileType = sourcecode.swift; path = AppDelegate.swift; sourceTree = "<group>"; };
		A10114B82024A2BB00F8D7EB /* ViewController.swift */ = {isa = PBXFileReference; lastKnownFileType = sourcecode.swift; path = ViewController.swift; sourceTree = "<group>"; };
		A10114BB2024A2BB00F8D7EB /* Base */ = {isa = PBXFileReference; lastKnownFileType = file.storyboard; name = Base; path = Base.lproj/Main.storyboard; sourceTree = "<group>"; };
		A10114BD2024A2BB00F8D7EB /* Assets.xcassets */ = {isa = PBXFileReference; lastKnownFileType = folder.assetcatalog; path = Assets.xcassets; sourceTree = "<group>"; };
		A10114C02024A2BB00F8D7EB /* Base */ = {isa = PBXFileReference; lastKnownFileType = file.storyboard; name = Base; path = Base.lproj/LaunchScreen.storyboard; sourceTree = "<group>"; };
		A10114C22024A2BB00F8D7EB /* Info.plist */ = {isa = PBXFileReference; lastKnownFileType = text.plist.xml; path = Info.plist; sourceTree = "<group>"; };
/* End PBXFileReference section */

/* Begin PBXFrameworksBuildPhase section */
		A10114B02024A2BA00F8D7EB /* Frameworks */ = {
			isa = PBXFrameworksBuildPhase;
			buildActionMask = 2147483647;
			files = (
			);
			runOnlyForDeploymentPostprocessing = 0;
		};
/* End PBXFrameworksBuildPhase section */

/* Begin PBXGroup section */
		A10114AA2024A2BA00F8D7EB = {
			isa = PBXGroup;
			children = (
				A10114B52024A2BA00F8D7EB /* 35554298 - FaceID */,
				A10114B42024A2BA00F8D7EB /* Products */,
			);
			sourceTree = "<group>";
		};
		A10114B42024A2BA00F8D7EB /* Products */ = {
			isa = PBXGroup;
			children = (
				A10114B32024A2BA00F8D7EB /* 35554298 - FaceID.app */,
			);
			name = Products;
			sourceTree = "<group>";
		};
		A10114B52024A2BA00F8D7EB /* 35554298 - FaceID */ = {
			isa = PBXGroup;
			children = (
				A10114B62024A2BB00F8D7EB /* AppDelegate.swift */,
				A10114B82024A2BB00F8D7EB /* ViewController.swift */,
				A10114BA2024A2BB00F8D7EB /* Main.storyboard */,
				A10114BD2024A2BB00F8D7EB /* Assets.xcassets */,
				A10114BF2024A2BB00F8D7EB /* LaunchScreen.storyboard */,
				A10114C22024A2BB00F8D7EB /* Info.plist */,
			);
			path = "35554298 - FaceID";
			sourceTree = "<group>";
		};
/* End PBXGroup section */

/* Begin PBXNativeTarget section */
		A10114B22024A2BA00F8D7EB /* 35554298 - FaceID */ = {
			isa = PBXNativeTarget;
			buildConfigurationList = A10114C52024A2BB00F8D7EB /* Build configuration list for PBXNativeTarget "35554298 - FaceID" */;
			buildPhases = (
				A10114AF2024A2BA00F8D7EB /* Sources */,
				A10114B02024A2BA00F8D7EB /* Frameworks */,
				A10114B12024A2BA00F8D7EB /* Resources */,
			);
			buildRules = (
			);
			dependencies = (
			);
			name = "35554298 - FaceID";
			productName = "35554298 - FaceID";
			productReference = A10114B32024A2BA00F8D7EB /* 35554298 - FaceID.app */;
			productType = "com.apple.product-type.application";
		};
/* End PBXNativeTarget section */

/* Begin PBXProject section */
		A10114AB2024A2BA00F8D7EB /* Project object */ = {
			isa = PBXProject;
			attributes = {
				LastSwiftUpdateCheck = 0920;
				LastUpgradeCheck = 0920;
				ORGANIZATIONNAME = Sokneus;
				TargetAttributes = {
					A10114B22024A2BA00F8D7EB = {
						CreatedOnToolsVersion = 9.2;
						ProvisioningStyle = Automatic;
					};
				};
			};
			buildConfigurationList = A10114AE2024A2BA00F8D7EB /* Build configuration list for PBXProject "35554298 - FaceID" */;
			compatibilityVersion = "Xcode 8.0";
			developmentRegion = en;
			hasScannedForEncodings = 0;
			knownRegions = (
				en,
				Base,
			);
			mainGroup = A10114AA2024A2BA00F8D7EB;
			productRefGroup = A10114B42024A2BA00F8D7EB /* Products */;
			projectDirPath = "";
			projectRoot = "";
			targets = (
				A10114B22024A2BA00F8D7EB /* 35554298 - FaceID */,
			);
		};
/* End PBXProject section */

/* Begin PBXResourcesBuildPhase section */
		A10114B12024A2BA00F8D7EB /* Resources */ = {
			isa = PBXResourcesBuildPhase;
			buildActionMask = 2147483647;
			files = (
				A10114C12024A2BB00F8D7EB /* LaunchScreen.storyboard in Resources */,
				A10114BE2024A2BB00F8D7EB /* Assets.xcassets in Resources */,
				A10114BC2024A2BB00F8D7EB /* Main.storyboard in Resources */,
			);
			runOnlyForDeploymentPostprocessing = 0;
		};
/* End PBXResourcesBuildPhase section */

/* Begin PBXSourcesBuildPhase section */
		A10114AF2024A2BA00F8D7EB /* Sources */ = {
			isa = PBXSourcesBuildPhase;
			buildActionMask = 2147483647;
			files = (
				A10114B92024A2BB00F8D7EB /* ViewController.swift in Sources */,
				A10114B72024A2BB00F8D7EB /* AppDelegate.swift in Sources */,
			);
			runOnlyForDeploymentPostprocessing = 0;
		};
/* End PBXSourcesBuildPhase section */

/* Begin PBXVariantGroup section */
		A10114BA2024A2BB00F8D7EB /* Main.storyboard */ = {
			isa = PBXVariantGroup;
			children = (
				A10114BB2024A2BB00F8D7EB /* Base */,
			);
			name = Main.storyboard;
			sourceTree = "<group>";
		};
		A10114BF2024A2BB00F8D7EB /* LaunchScreen.storyboard */ = {
			isa = PBXVariantGroup;
			children = (
				A10114C02024A2BB00F8D7EB /* Base */,
			);
			name = LaunchScreen.storyboard;
			sourceTree = "<group>";
		};
/* End PBXVariantGroup section */

/* Begin XCBuildConfiguration section */
		A10114C32024A2BB00F8D7EB /* Debug */ = {
			isa = XCBuildConfiguration;
			buildSettings = {
				ALWAYS_SEARCH_USER_PATHS = NO;
				CLANG_ANALYZER_NONNULL = YES;
				CLANG_ANALYZER_NUMBER_OBJECT_CONVERSION = YES_AGGRESSIVE;
				CLANG_CXX_LANGUAGE_STANDARD = "gnu++14";
				CLANG_CXX_LIBRARY = "libc++";
				CLANG_ENABLE_MODULES = YES;
				CLANG_ENABLE_OBJC_ARC = YES;
				CLANG_WARN_BLOCK_CAPTURE_AUTORELEASING = YES;
				CLANG_WARN_BOOL_CONVERSION = YES;
				CLANG_WARN_COMMA = YES;
				CLANG_WARN_CONSTANT_CONVERSION = YES;
				CLANG_WARN_DIRECT_OBJC_ISA_USAGE = YES_ERROR;
				CLANG_WARN_DOCUMENTATION_COMMENTS = YES;
				CLANG_WARN_EMPTY_BODY = YES;
				CLANG_WARN_ENUM_CONVERSION = YES;
				CLANG_WARN_INFINITE_RECURSION = YES;
				CLANG_WARN_INT_CONVERSION = YES;
				CLANG_WARN_NON_LITERAL_NULL_CONVERSION = YES;
				CLANG_WARN_OBJC_LITERAL_CONVERSION = YES;
				CLANG_WARN_OBJC_ROOT_CLASS = YES_ERROR;
				CLANG_WARN_RANGE_LOOP_ANALYSIS = YES;
				CLANG_WARN_STRICT_PROTOTYPES = YES;
				CLANG_WARN_SUSPICIOUS_MOVE = YES;
				CLANG_WARN_UNGUARDED_AVAILABILITY = YES_AGGRESSIVE;
				CLANG_WARN_UNREACHABLE_CODE = YES;
				CLANG_WARN__DUPLICATE_METHOD_MATCH = YES;
				CODE_SIGN_IDENTITY = "iPhone Developer";
				COPY_PHASE_STRIP = NO;
				DEBUG_INFORMATION_FORMAT = dwarf;
				ENABLE_STRICT_OBJC_MSGSEND = YES;
				ENABLE_TESTABILITY = YES;
				GCC_C_LANGUAGE_STANDARD = gnu11;
				GCC_DYNAMIC_NO_PIC = NO;
				GCC_NO_COMMON_BLOCKS = YES;
				GCC_OPTIMIZATION_LEVEL = 0;
				GCC_PREPROCESSOR_DEFINITIONS = (
					"DEBUG=1",
					"$(inherited)",
				);
				GCC_WARN_64_TO_32_BIT_CONVERSION = YES;
				GCC_WARN_ABOUT_RETURN_TYPE = YES_ERROR;
				GCC_WARN_UNDECLARED_SELECTOR = YES;
				GCC_WARN_UNINITIALIZED_AUTOS = YES_AGGRESSIVE;
				GCC_WARN_UNUSED_FUNCTION = YES;
				GCC_WARN_UNUSED_VARIABLE = YES;
				IPHONEOS_DEPLOYMENT_TARGET = 11.2;
				MTL_ENABLE_DEBUG_INFO = YES;
				ONLY_ACTIVE_ARCH = YES;
				SDKROOT = iphoneos;
				SWIFT_ACTIVE_COMPILATION_CONDITIONS = DEBUG;
				SWIFT_OPTIMIZATION_LEVEL = "-Onone";
			};
			name = Debug;
		};
		A10114C42024A2BB00F8D7EB /* Release */ = {
			isa = XCBuildConfiguration;
			buildSettings = {
				ALWAYS_SEARCH_USER_PATHS = NO;
				CLANG_ANALYZER_NONNULL = YES;
				CLANG_ANALYZER_NUMBER_OBJECT_CONVERSION = YES_AGGRESSIVE;
				CLANG_CXX_LANGUAGE_STANDARD = "gnu++14";
				CLANG_CXX_LIBRARY = "libc++";
				CLANG_ENABLE_MODULES = YES;
				CLANG_ENABLE_OBJC_ARC = YES;
				CLANG_WARN_BLOCK_CAPTURE_AUTORELEASING = YES;
				CLANG_WARN_BOOL_CONVERSION = YES;
				CLANG_WARN_COMMA = YES;
				CLANG_WARN_CONSTANT_CONVERSION = YES;
				CLANG_WARN_DIRECT_OBJC_ISA_USAGE = YES_ERROR;
				CLANG_WARN_DOCUMENTATION_COMMENTS = YES;
				CLANG_WARN_EMPTY_BODY = YES;
				CLANG_WARN_ENUM_CONVERSION = YES;
				CLANG_WARN_INFINITE_RECURSION = YES;
				CLANG_WARN_INT_CONVERSION = YES;
				CLANG_WARN_NON_LITERAL_NULL_CONVERSION = YES;
				CLANG_WARN_OBJC_LITERAL_CONVERSION = YES;
				CLANG_WARN_OBJC_ROOT_CLASS = YES_ERROR;
				CLANG_WARN_RANGE_LOOP_ANALYSIS = YES;
				CLANG_WARN_STRICT_PROTOTYPES = YES;
				CLANG_WARN_SUSPICIOUS_MOVE = YES;
				CLANG_WARN_UNGUARDED_AVAILABILITY = YES_AGGRESSIVE;
				CLANG_WARN_UNREACHABLE_CODE = YES;
				CLANG_WARN__DUPLICATE_METHOD_MATCH = YES;
				CODE_SIGN_IDENTITY = "iPhone Developer";
				COPY_PHASE_STRIP = NO;
				DEBUG_INFORMATION_FORMAT = "dwarf-with-dsym";
				ENABLE_NS_ASSERTIONS = NO;
				ENABLE_STRICT_OBJC_MSGSEND = YES;
				GCC_C_LANGUAGE_STANDARD = gnu11;
				GCC_NO_COMMON_BLOCKS = YES;
				GCC_WARN_64_TO_32_BIT_CONVERSION = YES;
				GCC_WARN_ABOUT_RETURN_TYPE = YES_ERROR;
				GCC_WARN_UNDECLARED_SELECTOR = YES;
				GCC_WARN_UNINITIALIZED_AUTOS = YES_AGGRESSIVE;
				GCC_WARN_UNUSED_FUNCTION = YES;
				GCC_WARN_UNUSED_VARIABLE = YES;
				IPHONEOS_DEPLOYMENT_TARGET = 11.2;
				MTL_ENABLE_DEBUG_INFO = NO;
				SDKROOT = iphoneos;
				SWIFT_OPTIMIZATION_LEVEL = "-Owholemodule";
				VALIDATE_PRODUCT = YES;
			};
			name = Release;
		};
		A10114C62024A2BB00F8D7EB /* Debug */ = {
			isa = XCBuildConfiguration;
			buildSettings = {
				ASSETCATALOG_COMPILER_APPICON_NAME = AppIcon;
				CODE_SIGN_STYLE = Automatic;
				DEVELOPMENT_TEAM = 7T5ZNLTMSK;
				INFOPLIST_FILE = "35554298 - FaceID/Info.plist";
				LD_RUNPATH_SEARCH_PATHS = "$(inherited) @executable_path/Frameworks";
				PRODUCT_BUNDLE_IDENTIFIER = "me.annema.-5554298---FaceID";
				PRODUCT_NAME = "$(TARGET_NAME)";
				SWIFT_VERSION = 4.0;
				TARGETED_DEVICE_FAMILY = "1,2";
			};
			name = Debug;
		};
		A10114C72024A2BB00F8D7EB /* Release */ = {
			isa = XCBuildConfiguration;
			buildSettings = {
				ASSETCATALOG_COMPILER_APPICON_NAME = AppIcon;
				CODE_SIGN_STYLE = Automatic;
				DEVELOPMENT_TEAM = 7T5ZNLTMSK;
				INFOPLIST_FILE = "35554298 - FaceID/Info.plist";
				LD_RUNPATH_SEARCH_PATHS = "$(inherited) @executable_path/Frameworks";
				PRODUCT_BUNDLE_IDENTIFIER = "me.annema.-5554298---FaceID";
				PRODUCT_NAME = "$(TARGET_NAME)";
				SWIFT_VERSION = 4.0;
				TARGETED_DEVICE_FAMILY = "1,2";
			};
			name = Release;
		};
/* End XCBuildConfiguration section */

/* Begin XCConfigurationList section */
		A10114AE2024A2BA00F8D7EB /* Build configuration list for PBXProject "35554298 - FaceID" */ = {
			isa = XCConfigurationList;
			buildConfigurations = (
				A10114C32024A2BB00F8D7EB /* Debug */,
				A10114C42024A2BB00F8D7EB /* Release */,
			);
			defaultConfigurationIsVisible = 0;
			defaultConfigurationName = Release;
		};
		A10114C52024A2BB00F8D7EB /* Build configuration list for PBXNativeTarget "35554298 - FaceID" */ = {
			isa = XCConfigurationList;
			buildConfigurations = (
				A10114C62024A2BB00F8D7EB /* Debug */,
				A10114C72024A2BB00F8D7EB /* Release */,
			);
			defaultConfigurationIsVisible = 0;
			defaultConfigurationName = Release;
		};
/* End XCConfigurationList section */
	};
	rootObject = A10114AB2024A2BA00F8D7EB /* Project object */;
}
